uuid: de024e45-aad1-4523-b53e-2bdbb2b20ec9
langcode: en
status: true
dependencies:
  content:
    - 'block_content:basic:c06fa9c0-49dd-45fe-9cb0-1e018643bfa6'
  module:
    - block_content
    - system
  theme:
    - bartik
id: homepageblock
theme: bartik
region: header
weight: 0
provider: null
plugin: 'block_content:c06fa9c0-49dd-45fe-9cb0-1e018643bfa6'
settings:
  id: 'block_content:c06fa9c0-49dd-45fe-9cb0-1e018643bfa6'
  label: 'Homepage block'
  provider: block_content
  label_display: visible
  status: true
  info: ''
  view_mode: full
visibility:
  request_path:
    id: request_path
    pages: '<front>'
    negate: false
